// !$*UTF8*$!
{
	archiveVersion = 1;
	classes = {
	};
	objectVersion = 55;
	objects = {

/* Begin PBXBuildFile section */
		E6348617286CF39100236A10 /* TodoListController.swift in Sources */ = {isa = PBXBuildFile; fileRef = E6348616286CF39100236A10 /* TodoListController.swift */; };
		E6348619286CF3B100236A10 /* TodoListTableViewCell.swift in Sources */ = {isa = PBXBuildFile; fileRef = E6348618286CF3B100236A10 /* TodoListTableViewCell.swift */; };
		E65A7EC4286CE44D00AF1698 /* AppDelegate.swift in Sources */ = {isa = PBXBuildFile; fileRef = E65A7EC3286CE44D00AF1698 /* AppDelegate.swift */; };
		E65A7EC6286CE44D00AF1698 /* SceneDelegate.swift in Sources */ = {isa = PBXBuildFile; fileRef = E65A7EC5286CE44D00AF1698 /* SceneDelegate.swift */; };
		E65A7EC8286CE44D00AF1698 /* ViewController.swift in Sources */ = {isa = PBXBuildFile; fileRef = E65A7EC7286CE44D00AF1698 /* ViewController.swift */; };
		E65A7ECB286CE44D00AF1698 /* Main.storyboard in Resources */ = {isa = PBXBuildFile; fileRef = E65A7EC9286CE44D00AF1698 /* Main.storyboard */; };
		E65A7ECD286CE44F00AF1698 /* Assets.xcassets in Resources */ = {isa = PBXBuildFile; fileRef = E65A7ECC286CE44F00AF1698 /* Assets.xcassets */; };
		E65A7ED0286CE44F00AF1698 /* LaunchScreen.storyboard in Resources */ = {isa = PBXBuildFile; fileRef = E65A7ECE286CE44F00AF1698 /* LaunchScreen.storyboard */; };
/* End PBXBuildFile section */

/* Begin PBXFileReference section */
		E6348616286CF39100236A10 /* TodoListController.swift */ = {isa = PBXFileReference; lastKnownFileType = sourcecode.swift; path = TodoListController.swift; sourceTree = "<group>"; };
		E6348618286CF3B100236A10 /* TodoListTableViewCell.swift */ = {isa = PBXFileReference; lastKnownFileType = sourcecode.swift; path = TodoListTableViewCell.swift; sourceTree = "<group>"; };
		E65A7EC0286CE44D00AF1698 /* Todo list GB.app */ = {isa = PBXFileReference; explicitFileType = wrapper.application; includeInIndex = 0; path = "Todo list GB.app"; sourceTree = BUILT_PRODUCTS_DIR; };
		E65A7EC3286CE44D00AF1698 /* AppDelegate.swift */ = {isa = PBXFileReference; lastKnownFileType = sourcecode.swift; path = AppDelegate.swift; sourceTree = "<group>"; };
		E65A7EC5286CE44D00AF1698 /* SceneDelegate.swift */ = {isa = PBXFileReference; lastKnownFileType = sourcecode.swift; path = SceneDelegate.swift; sourceTree = "<group>"; };
		E65A7EC7286CE44D00AF1698 /* ViewController.swift */ = {isa = PBXFileReference; lastKnownFileType = sourcecode.swift; path = ViewController.swift; sourceTree = "<group>"; };
		E65A7ECA286CE44D00AF1698 /* Base */ = {isa = PBXFileReference; lastKnownFileType = file.storyboard; name = Base; path = Base.lproj/Main.storyboard; sourceTree = "<group>"; };
		E65A7ECC286CE44F00AF1698 /* Assets.xcassets */ = {isa = PBXFileReference; lastKnownFileType = folder.assetcatalog; path = Assets.xcassets; sourceTree = "<group>"; };
		E65A7ECF286CE44F00AF1698 /* Base */ = {isa = PBXFileReference; lastKnownFileType = file.storyboard; name = Base; path = Base.lproj/LaunchScreen.storyboard; sourceTree = "<group>"; };
		E65A7ED1286CE44F00AF1698 /* Info.plist */ = {isa = PBXFileReference; lastKnownFileType = text.plist.xml; path = Info.plist; sourceTree = "<group>"; };
		E65A7ED7286CE48B00AF1698 /* Lesson5_HW_ChainOfResponsibility.playground */ = {isa = PBXFileReference; lastKnownFileType = file.playground; path = Lesson5_HW_ChainOfResponsibility.playground; sourceTree = "<group>"; xcLanguageSpecificationIdentifier = xcode.lang.swift; };
/* End PBXFileReference section */

/* Begin PBXFrameworksBuildPhase section */
		E65A7EBD286CE44D00AF1698 /* Frameworks */ = {
			isa = PBXFrameworksBuildPhase;
			buildActionMask = 2147483647;
			files = (
			);
			runOnlyForDeploymentPostprocessing = 0;
		};
/* End PBXFrameworksBuildPhase section */

/* Begin PBXGroup section */
		E65A7EB7286CE44D00AF1698 = {
			isa = PBXGroup;
			children = (
				E65A7ED7286CE48B00AF1698 /* Lesson5_HW_ChainOfResponsibility.playground */,
				E65A7EC2286CE44D00AF1698 /* Todo list GB */,
				E65A7EC1286CE44D00AF1698 /* Products */,
			);
			sourceTree = "<group>";
		};
		E65A7EC1286CE44D00AF1698 /* Products */ = {
			isa = PBXGroup;
			children = (
				E65A7EC0286CE44D00AF1698 /* Todo list GB.app */,
			);
			name = Products;
			sourceTree = "<group>";
		};
		E65A7EC2286CE44D00AF1698 /* Todo list GB */ = {
			isa = PBXGroup;
			children = (
				E65A7EC3286CE44D00AF1698 /* AppDelegate.swift */,
				E65A7EC5286CE44D00AF1698 /* SceneDelegate.swift */,
				E65A7EC7286CE44D00AF1698 /* ViewController.swift */,
				E65A7ED9286CEE6C00AF1698 /* Screens */,
				E65A7ED8286CEC6800AF1698 /* Resources */,
			);
			path = "Todo list GB";
			sourceTree = "<group>";
		};
		E65A7ED8286CEC6800AF1698 /* Resources */ = {
			isa = PBXGroup;
			children = (
				E65A7EC9286CE44D00AF1698 /* Main.storyboard */,
				E65A7ECE286CE44F00AF1698 /* LaunchScreen.storyboard */,
				E65A7ECC286CE44F00AF1698 /* Assets.xcassets */,
				E65A7ED1286CE44F00AF1698 /* Info.plist */,
			);
			path = Resources;
			sourceTree = "<group>";
		};
		E65A7ED9286CEE6C00AF1698 /* Screens */ = {
			isa = PBXGroup;
			children = (
				E6348616286CF39100236A10 /* TodoListController.swift */,
				E6348618286CF3B100236A10 /* TodoListTableViewCell.swift */,
			);
			path = Screens;
			sourceTree = "<group>";
		};
/* End PBXGroup section */

/* Begin PBXNativeTarget section */
		E65A7EBF286CE44D00AF1698 /* Todo list GB */ = {
			isa = PBXNativeTarget;
			buildConfigurationList = E65A7ED4286CE44F00AF1698 /* Build configuration list for PBXNativeTarget "Todo list GB" */;
			buildPhases = (
				E65A7EBC286CE44D00AF1698 /* Sources */,
				E65A7EBD286CE44D00AF1698 /* Frameworks */,
				E65A7EBE286CE44D00AF1698 /* Resources */,
			);
			buildRules = (
			);
			dependencies = (
			);
			name = "Todo list GB";
			productName = "To do list GB";
			productReference = E65A7EC0286CE44D00AF1698 /* Todo list GB.app */;
			productType = "com.apple.product-type.application";
		};
/* End PBXNativeTarget section */

/* Begin PBXProject section */
		E65A7EB8286CE44D00AF1698 /* Project object */ = {
			isa = PBXProject;
			attributes = {
				BuildIndependentTargetsInParallel = 1;
				LastSwiftUpdateCheck = 1340;
				LastUpgradeCheck = 1340;
				TargetAttributes = {
					E65A7EBF286CE44D00AF1698 = {
						CreatedOnToolsVersion = 13.4.1;
					};
				};
			};
			buildConfigurationList = E65A7EBB286CE44D00AF1698 /* Build configuration list for PBXProject "Todo list GB" */;
			compatibilityVersion = "Xcode 13.0";
			developmentRegion = en;
			hasScannedForEncodings = 0;
			knownRegions = (
				en,
				Base,
			);
			mainGroup = E65A7EB7286CE44D00AF1698;
			productRefGroup = E65A7EC1286CE44D00AF1698 /* Products */;
			projectDirPath = "";
			projectRoot = "";
			targets = (
				E65A7EBF286CE44D00AF1698 /* Todo list GB */,
			);
		};
/* End PBXProject section */

/* Begin PBXResourcesBuildPhase section */
		E65A7EBE286CE44D00AF1698 /* Resources */ = {
			isa = PBXResourcesBuildPhase;
			buildActionMask = 2147483647;
			files = (
				E65A7ED0286CE44F00AF1698 /* LaunchScreen.storyboard in Resources */,
				E65A7ECD286CE44F00AF1698 /* Assets.xcassets in Resources */,
				E65A7ECB286CE44D00AF1698 /* Main.storyboard in Resources */,
			);
			runOnlyForDeploymentPostprocessing = 0;
		};
/* End PBXResourcesBuildPhase section */

/* Begin PBXSourcesBuildPhase section */
		E65A7EBC286CE44D00AF1698 /* Sources */ = {
			isa = PBXSourcesBuildPhase;
			buildActionMask = 2147483647;
			files = (
				E65A7EC8286CE44D00AF1698 /* ViewController.swift in Sources */,
				E6348617286CF39100236A10 /* TodoListController.swift in Sources */,
				E65A7EC4286CE44D00AF1698 /* AppDelegate.swift in Sources */,
				E6348619286CF3B100236A10 /* TodoListTableViewCell.swift in Sources */,
				E65A7EC6286CE44D00AF1698 /* SceneDelegate.swift in Sources */,
			);
			runOnlyForDeploymentPostprocessing = 0;
		};
/* End PBXSourcesBuildPhase section */

/* Begin PBXVariantGroup section */
		E65A7EC9286CE44D00AF1698 /* Main.storyboard */ = {
			isa = PBXVariantGroup;
			children = (
				E65A7ECA286CE44D00AF1698 /* Base */,
			);
			name = Main.storyboard;
			sourceTree = "<group>";
		};
		E65A7ECE286CE44F00AF1698 /* LaunchScreen.storyboard */ = {
			isa = PBXVariantGroup;
			children = (
				E65A7ECF286CE44F00AF1698 /* Base */,
			);
			name = LaunchScreen.storyboard;
			sourceTree = "<group>";
		};
/* End PBXVariantGroup section */

/* Begin XCBuildConfiguration section */
		E65A7ED2286CE44F00AF1698 /* Debug */ = {
			isa = XCBuildConfiguration;
			buildSettings = {
				ALWAYS_SEARCH_USER_PATHS = NO;
				CLANG_ANALYZER_NONNULL = YES;
				CLANG_ANALYZER_NUMBER_OBJECT_CONVERSION = YES_AGGRESSIVE;
				CLANG_CXX_LANGUAGE_STANDARD = "gnu++17";
				CLANG_ENABLE_MODULES = YES;
				CLANG_ENABLE_OBJC_ARC = YES;
				CLANG_ENABLE_OBJC_WEAK = YES;
				CLANG_WARN_BLOCK_CAPTURE_AUTORELEASING = YES;
				CLANG_WARN_BOOL_CONVERSION = YES;
				CLANG_WARN_COMMA = YES;
				CLANG_WARN_CONSTANT_CONVERSION = YES;
				CLANG_WARN_DEPRECATED_OBJC_IMPLEMENTATIONS = YES;
				CLANG_WARN_DIRECT_OBJC_ISA_USAGE = YES_ERROR;
				CLANG_WARN_DOCUMENTATION_COMMENTS = YES;
				CLANG_WARN_EMPTY_BODY = YES;
				CLANG_WARN_ENUM_CONVERSION = YES;
				CLANG_WARN_INFINITE_RECURSION = YES;
				CLANG_WARN_INT_CONVERSION = YES;
				CLANG_WARN_NON_LITERAL_NULL_CONVERSION = YES;
				CLANG_WARN_OBJC_IMPLICIT_RETAIN_SELF = YES;
				CLANG_WARN_OBJC_LITERAL_CONVERSION = YES;
				CLANG_WARN_OBJC_ROOT_CLASS = YES_ERROR;
				CLANG_WARN_QUOTED_INCLUDE_IN_FRAMEWORK_HEADER = YES;
				CLANG_WARN_RANGE_LOOP_ANALYSIS = YES;
				CLANG_WARN_STRICT_PROTOTYPES = YES;
				CLANG_WARN_SUSPICIOUS_MOVE = YES;
				CLANG_WARN_UNGUARDED_AVAILABILITY = YES_AGGRESSIVE;
				CLANG_WARN_UNREACHABLE_CODE = YES;
				CLANG_WARN__DUPLICATE_METHOD_MATCH = YES;
				COPY_PHASE_STRIP = NO;
				DEBUG_INFORMATION_FORMAT = dwarf;
				ENABLE_STRICT_OBJC_MSGSEND = YES;
				ENABLE_TESTABILITY = YES;
				GCC_C_LANGUAGE_STANDARD = gnu11;
				GCC_DYNAMIC_NO_PIC = NO;
				GCC_NO_COMMON_BLOCKS = YES;
				GCC_OPTIMIZATION_LEVEL = 0;
				GCC_PREPROCESSOR_DEFINITIONS = (
					"DEBUG=1",
					"$(inherited)",
				);
				GCC_WARN_64_TO_32_BIT_CONVERSION = YES;
				GCC_WARN_ABOUT_RETURN_TYPE = YES_ERROR;
				GCC_WARN_UNDECLARED_SELECTOR = YES;
				GCC_WARN_UNINITIALIZED_AUTOS = YES_AGGRESSIVE;
				GCC_WARN_UNUSED_FUNCTION = YES;
				GCC_WARN_UNUSED_VARIABLE = YES;
				IPHONEOS_DEPLOYMENT_TARGET = 15.5;
				MTL_ENABLE_DEBUG_INFO = INCLUDE_SOURCE;
				MTL_FAST_MATH = YES;
				ONLY_ACTIVE_ARCH = YES;
				SDKROOT = iphoneos;
				SWIFT_ACTIVE_COMPILATION_CONDITIONS = DEBUG;
				SWIFT_OPTIMIZATION_LEVEL = "-Onone";
			};
			name = Debug;
		};
		E65A7ED3286CE44F00AF1698 /* Release */ = {
			isa = XCBuildConfiguration;
			buildSettings = {
				ALWAYS_SEARCH_USER_PATHS = NO;
				CLANG_ANALYZER_NONNULL = YES;
				CLANG_ANALYZER_NUMBER_OBJECT_CONVERSION = YES_AGGRESSIVE;
				CLANG_CXX_LANGUAGE_STANDARD = "gnu++17";
				CLANG_ENABLE_MODULES = YES;
				CLANG_ENABLE_OBJC_ARC = YES;
				CLANG_ENABLE_OBJC_WEAK = YES;
				CLANG_WARN_BLOCK_CAPTURE_AUTORELEASING = YES;
				CLANG_WARN_BOOL_CONVERSION = YES;
				CLANG_WARN_COMMA = YES;
				CLANG_WARN_CONSTANT_CONVERSION = YES;
				CLANG_WARN_DEPRECATED_OBJC_IMPLEMENTATIONS = YES;
				CLANG_WARN_DIRECT_OBJC_ISA_USAGE = YES_ERROR;
				CLANG_WARN_DOCUMENTATION_COMMENTS = YES;
				CLANG_WARN_EMPTY_BODY = YES;
				CLANG_WARN_ENUM_CONVERSION = YES;
				CLANG_WARN_INFINITE_RECURSION = YES;
				CLANG_WARN_INT_CONVERSION = YES;
				CLANG_WARN_NON_LITERAL_NULL_CONVERSION = YES;
				CLANG_WARN_OBJC_IMPLICIT_RETAIN_SELF = YES;
				CLANG_WARN_OBJC_LITERAL_CONVERSION = YES;
				CLANG_WARN_OBJC_ROOT_CLASS = YES_ERROR;
				CLANG_WARN_QUOTED_INCLUDE_IN_FRAMEWORK_HEADER = YES;
				CLANG_WARN_RANGE_LOOP_ANALYSIS = YES;
				CLANG_WARN_STRICT_PROTOTYPES = YES;
				CLANG_WARN_SUSPICIOUS_MOVE = YES;
				CLANG_WARN_UNGUARDED_AVAILABILITY = YES_AGGRESSIVE;
				CLANG_WARN_UNREACHABLE_CODE = YES;
				CLANG_WARN__DUPLICATE_METHOD_MATCH = YES;
				COPY_PHASE_STRIP = NO;
				DEBUG_INFORMATION_FORMAT = "dwarf-with-dsym";
				ENABLE_NS_ASSERTIONS = NO;
				ENABLE_STRICT_OBJC_MSGSEND = YES;
				GCC_C_LANGUAGE_STANDARD = gnu11;
				GCC_NO_COMMON_BLOCKS = YES;
				GCC_WARN_64_TO_32_BIT_CONVERSION = YES;
				GCC_WARN_ABOUT_RETURN_TYPE = YES_ERROR;
				GCC_WARN_UNDECLARED_SELECTOR = YES;
				GCC_WARN_UNINITIALIZED_AUTOS = YES_AGGRESSIVE;
				GCC_WARN_UNUSED_FUNCTION = YES;
				GCC_WARN_UNUSED_VARIABLE = YES;
				IPHONEOS_DEPLOYMENT_TARGET = 15.5;
				MTL_ENABLE_DEBUG_INFO = NO;
				MTL_FAST_MATH = YES;
				SDKROOT = iphoneos;
				SWIFT_COMPILATION_MODE = wholemodule;
				SWIFT_OPTIMIZATION_LEVEL = "-O";
				VALIDATE_PRODUCT = YES;
			};
			name = Release;
		};
		E65A7ED5286CE44F00AF1698 /* Debug */ = {
			isa = XCBuildConfiguration;
			buildSettings = {
				ASSETCATALOG_COMPILER_APPICON_NAME = AppIcon;
				ASSETCATALOG_COMPILER_GLOBAL_ACCENT_COLOR_NAME = AccentColor;
				CODE_SIGN_STYLE = Automatic;
				CURRENT_PROJECT_VERSION = 1;
				DEVELOPMENT_TEAM = K6F3384T7K;
				GENERATE_INFOPLIST_FILE = YES;
				INFOPLIST_FILE = "Todo list GB/Info.plist";
				INFOPLIST_KEY_UIApplicationSupportsIndirectInputEvents = YES;
				INFOPLIST_KEY_UILaunchStoryboardName = LaunchScreen;
				INFOPLIST_KEY_UIMainStoryboardFile = Main;
				INFOPLIST_KEY_UISupportedInterfaceOrientations_iPad = "UIInterfaceOrientationPortrait UIInterfaceOrientationPortraitUpsideDown UIInterfaceOrientationLandscapeLeft UIInterfaceOrientationLandscapeRight";
				INFOPLIST_KEY_UISupportedInterfaceOrientations_iPhone = "UIInterfaceOrientationPortrait UIInterfaceOrientationLandscapeLeft UIInterfaceOrientationLandscapeRight";
				LD_RUNPATH_SEARCH_PATHS = (
					"$(inherited)",
					"@executable_path/Frameworks",
				);
				MARKETING_VERSION = 1.0;
				PRODUCT_BUNDLE_IDENTIFIER = "ip.Todo-list-GB";
				PRODUCT_NAME = "$(TARGET_NAME)";
				SWIFT_EMIT_LOC_STRINGS = YES;
				SWIFT_VERSION = 5.0;
				TARGETED_DEVICE_FAMILY = "1,2";
			};
			name = Debug;
		};
		E65A7ED6286CE44F00AF1698 /* Release */ = {
			isa = XCBuildConfiguration;
			buildSettings = {
				ASSETCATALOG_COMPILER_APPICON_NAME = AppIcon;
				ASSETCATALOG_COMPILER_GLOBAL_ACCENT_COLOR_NAME = AccentColor;
				CODE_SIGN_STYLE = Automatic;
				CURRENT_PROJECT_VERSION = 1;
				DEVELOPMENT_TEAM = K6F3384T7K;
				GENERATE_INFOPLIST_FILE = YES;
				INFOPLIST_FILE = "Todo list GB/Info.plist";
				INFOPLIST_KEY_UIApplicationSupportsIndirectInputEvents = YES;
				INFOPLIST_KEY_UILaunchStoryboardName = LaunchScreen;
				INFOPLIST_KEY_UIMainStoryboardFile = Main;
				INFOPLIST_KEY_UISupportedInterfaceOrientations_iPad = "UIInterfaceOrientationPortrait UIInterfaceOrientationPortraitUpsideDown UIInterfaceOrientationLandscapeLeft UIInterfaceOrientationLandscapeRight";
				INFOPLIST_KEY_UISupportedInterfaceOrientations_iPhone = "UIInterfaceOrientationPortrait UIInterfaceOrientationLandscapeLeft UIInterfaceOrientationLandscapeRight";
				LD_RUNPATH_SEARCH_PATHS = (
					"$(inherited)",
					"@executable_path/Frameworks",
				);
				MARKETING_VERSION = 1.0;
				PRODUCT_BUNDLE_IDENTIFIER = "ip.Todo-list-GB";
				PRODUCT_NAME = "$(TARGET_NAME)";
				SWIFT_EMIT_LOC_STRINGS = YES;
				SWIFT_VERSION = 5.0;
				TARGETED_DEVICE_FAMILY = "1,2";
			};
			name = Release;
		};
/* End XCBuildConfiguration section */

/* Begin XCConfigurationList section */
		E65A7EBB286CE44D00AF1698 /* Build configuration list for PBXProject "Todo list GB" */ = {
			isa = XCConfigurationList;
			buildConfigurations = (
				E65A7ED2286CE44F00AF1698 /* Debug */,
				E65A7ED3286CE44F00AF1698 /* Release */,
			);
			defaultConfigurationIsVisible = 0;
			defaultConfigurationName = Release;
		};
		E65A7ED4286CE44F00AF1698 /* Build configuration list for PBXNativeTarget "Todo list GB" */ = {
			isa = XCConfigurationList;
			buildConfigurations = (
				E65A7ED5286CE44F00AF1698 /* Debug */,
				E65A7ED6286CE44F00AF1698 /* Release */,
			);
			defaultConfigurationIsVisible = 0;
			defaultConfigurationName = Release;
		};
/* End XCConfigurationList section */
	};
	rootObject = E65A7EB8286CE44D00AF1698 /* Project object */;
}
